// !$*UTF8*$!
{
	archiveVersion = 1;
	classes = {
	};
	objectVersion = 46;
	objects = {

/* Begin PBXBuildFile section */
		13FC584F1A4C42C9009835A6 /* MASCompositeConstraint.m in Sources */ = {isa = PBXBuildFile; fileRef = 13FC58391A4C42C9009835A6 /* MASCompositeConstraint.m */; };
		13FC58501A4C42C9009835A6 /* MASConstraint.m in Sources */ = {isa = PBXBuildFile; fileRef = 13FC583C1A4C42C9009835A6 /* MASConstraint.m */; };
		13FC58511A4C42C9009835A6 /* MASConstraintMaker.m in Sources */ = {isa = PBXBuildFile; fileRef = 13FC583E1A4C42C9009835A6 /* MASConstraintMaker.m */; };
		13FC58521A4C42C9009835A6 /* MASLayoutConstraint.m in Sources */ = {isa = PBXBuildFile; fileRef = 13FC58401A4C42C9009835A6 /* MASLayoutConstraint.m */; };
		13FC58531A4C42C9009835A6 /* MASViewAttribute.m in Sources */ = {isa = PBXBuildFile; fileRef = 13FC58441A4C42C9009835A6 /* MASViewAttribute.m */; };
		13FC58541A4C42C9009835A6 /* MASViewConstraint.m in Sources */ = {isa = PBXBuildFile; fileRef = 13FC58461A4C42C9009835A6 /* MASViewConstraint.m */; };
		13FC58551A4C42C9009835A6 /* NSArray+MASAdditions.m in Sources */ = {isa = PBXBuildFile; fileRef = 13FC58481A4C42C9009835A6 /* NSArray+MASAdditions.m */; };
		13FC58561A4C42C9009835A6 /* NSLayoutConstraint+MASDebugAdditions.m in Sources */ = {isa = PBXBuildFile; fileRef = 13FC584B1A4C42C9009835A6 /* NSLayoutConstraint+MASDebugAdditions.m */; };
		13FC58571A4C42C9009835A6 /* View+MASAdditions.m in Sources */ = {isa = PBXBuildFile; fileRef = 13FC584D1A4C42C9009835A6 /* View+MASAdditions.m */; };
		1808454D1A1E36CD00F1346C /* Foundation.framework in Frameworks */ = {isa = PBXBuildFile; fileRef = 1808454C1A1E36CD00F1346C /* Foundation.framework */; };
		1808454F1A1E36CD00F1346C /* CoreGraphics.framework in Frameworks */ = {isa = PBXBuildFile; fileRef = 1808454E1A1E36CD00F1346C /* CoreGraphics.framework */; };
		180845511A1E36CD00F1346C /* UIKit.framework in Frameworks */ = {isa = PBXBuildFile; fileRef = 180845501A1E36CD00F1346C /* UIKit.framework */; };
		180845571A1E36CD00F1346C /* InfoPlist.strings in Resources */ = {isa = PBXBuildFile; fileRef = 180845551A1E36CD00F1346C /* InfoPlist.strings */; };
		180845591A1E36CD00F1346C /* main.m in Sources */ = {isa = PBXBuildFile; fileRef = 180845581A1E36CD00F1346C /* main.m */; };
		1808455D1A1E36CD00F1346C /* AppDelegate.m in Sources */ = {isa = PBXBuildFile; fileRef = 1808455C1A1E36CD00F1346C /* AppDelegate.m */; };
		180845601A1E36CD00F1346C /* Main.storyboard in Resources */ = {isa = PBXBuildFile; fileRef = 1808455E1A1E36CD00F1346C /* Main.storyboard */; };
		180845631A1E36CD00F1346C /* ViewController.m in Sources */ = {isa = PBXBuildFile; fileRef = 180845621A1E36CD00F1346C /* ViewController.m */; };
		180845651A1E36CD00F1346C /* Images.xcassets in Resources */ = {isa = PBXBuildFile; fileRef = 180845641A1E36CD00F1346C /* Images.xcassets */; };
		1808456C1A1E36CD00F1346C /* XCTest.framework in Frameworks */ = {isa = PBXBuildFile; fileRef = 1808456B1A1E36CD00F1346C /* XCTest.framework */; };
		1808456D1A1E36CD00F1346C /* Foundation.framework in Frameworks */ = {isa = PBXBuildFile; fileRef = 1808454C1A1E36CD00F1346C /* Foundation.framework */; };
		1808456E1A1E36CD00F1346C /* UIKit.framework in Frameworks */ = {isa = PBXBuildFile; fileRef = 180845501A1E36CD00F1346C /* UIKit.framework */; };
		180845761A1E36CD00F1346C /* InfoPlist.strings in Resources */ = {isa = PBXBuildFile; fileRef = 180845741A1E36CD00F1346C /* InfoPlist.strings */; };
		180845781A1E36CD00F1346C /* buttonDemoTests.m in Sources */ = {isa = PBXBuildFile; fileRef = 180845771A1E36CD00F1346C /* buttonDemoTests.m */; };
		184C7EE81A24BB9200099C43 /* UIButton+frame.m in Sources */ = {isa = PBXBuildFile; fileRef = 184C7EE71A24BB9200099C43 /* UIButton+frame.m */; };
/* End PBXBuildFile section */

/* Begin PBXContainerItemProxy section */
		1808456F1A1E36CD00F1346C /* PBXContainerItemProxy */ = {
			isa = PBXContainerItemProxy;
			containerPortal = 180845411A1E36CD00F1346C /* Project object */;
			proxyType = 1;
			remoteGlobalIDString = 180845481A1E36CD00F1346C;
			remoteInfo = buttonDemo;
		};
/* End PBXContainerItemProxy section */

/* Begin PBXFileReference section */
		13FC58381A4C42C9009835A6 /* MASCompositeConstraint.h */ = {isa = PBXFileReference; fileEncoding = 4; lastKnownFileType = sourcecode.c.h; path = MASCompositeConstraint.h; sourceTree = "<group>"; };
		13FC58391A4C42C9009835A6 /* MASCompositeConstraint.m */ = {isa = PBXFileReference; fileEncoding = 4; lastKnownFileType = sourcecode.c.objc; path = MASCompositeConstraint.m; sourceTree = "<group>"; };
		13FC583A1A4C42C9009835A6 /* MASConstraint+Private.h */ = {isa = PBXFileReference; fileEncoding = 4; lastKnownFileType = sourcecode.c.h; path = "MASConstraint+Private.h"; sourceTree = "<group>"; };
		13FC583B1A4C42C9009835A6 /* MASConstraint.h */ = {isa = PBXFileReference; fileEncoding = 4; lastKnownFileType = sourcecode.c.h; path = MASConstraint.h; sourceTree = "<group>"; };
		13FC583C1A4C42C9009835A6 /* MASConstraint.m */ = {isa = PBXFileReference; fileEncoding = 4; lastKnownFileType = sourcecode.c.objc; path = MASConstraint.m; sourceTree = "<group>"; };
		13FC583D1A4C42C9009835A6 /* MASConstraintMaker.h */ = {isa = PBXFileReference; fileEncoding = 4; lastKnownFileType = sourcecode.c.h; path = MASConstraintMaker.h; sourceTree = "<group>"; };
		13FC583E1A4C42C9009835A6 /* MASConstraintMaker.m */ = {isa = PBXFileReference; fileEncoding = 4; lastKnownFileType = sourcecode.c.objc; path = MASConstraintMaker.m; sourceTree = "<group>"; };
		13FC583F1A4C42C9009835A6 /* MASLayoutConstraint.h */ = {isa = PBXFileReference; fileEncoding = 4; lastKnownFileType = sourcecode.c.h; path = MASLayoutConstraint.h; sourceTree = "<group>"; };
		13FC58401A4C42C9009835A6 /* MASLayoutConstraint.m */ = {isa = PBXFileReference; fileEncoding = 4; lastKnownFileType = sourcecode.c.objc; path = MASLayoutConstraint.m; sourceTree = "<group>"; };
		13FC58411A4C42C9009835A6 /* Masonry.h */ = {isa = PBXFileReference; fileEncoding = 4; lastKnownFileType = sourcecode.c.h; path = Masonry.h; sourceTree = "<group>"; };
		13FC58421A4C42C9009835A6 /* MASUtilities.h */ = {isa = PBXFileReference; fileEncoding = 4; lastKnownFileType = sourcecode.c.h; path = MASUtilities.h; sourceTree = "<group>"; };
		13FC58431A4C42C9009835A6 /* MASViewAttribute.h */ = {isa = PBXFileReference; fileEncoding = 4; lastKnownFileType = sourcecode.c.h; path = MASViewAttribute.h; sourceTree = "<group>"; };
		13FC58441A4C42C9009835A6 /* MASViewAttribute.m */ = {isa = PBXFileReference; fileEncoding = 4; lastKnownFileType = sourcecode.c.objc; path = MASViewAttribute.m; sourceTree = "<group>"; };
		13FC58451A4C42C9009835A6 /* MASViewConstraint.h */ = {isa = PBXFileReference; fileEncoding = 4; lastKnownFileType = sourcecode.c.h; path = MASViewConstraint.h; sourceTree = "<group>"; };
		13FC58461A4C42C9009835A6 /* MASViewConstraint.m */ = {isa = PBXFileReference; fileEncoding = 4; lastKnownFileType = sourcecode.c.objc; path = MASViewConstraint.m; sourceTree = "<group>"; };
		13FC58471A4C42C9009835A6 /* NSArray+MASAdditions.h */ = {isa = PBXFileReference; fileEncoding = 4; lastKnownFileType = sourcecode.c.h; path = "NSArray+MASAdditions.h"; sourceTree = "<group>"; };
		13FC58481A4C42C9009835A6 /* NSArray+MASAdditions.m */ = {isa = PBXFileReference; fileEncoding = 4; lastKnownFileType = sourcecode.c.objc; path = "NSArray+MASAdditions.m"; sourceTree = "<group>"; };
		13FC58491A4C42C9009835A6 /* NSArray+MASShorthandAdditions.h */ = {isa = PBXFileReference; fileEncoding = 4; lastKnownFileType = sourcecode.c.h; path = "NSArray+MASShorthandAdditions.h"; sourceTree = "<group>"; };
		13FC584A1A4C42C9009835A6 /* NSLayoutConstraint+MASDebugAdditions.h */ = {isa = PBXFileReference; fileEncoding = 4; lastKnownFileType = sourcecode.c.h; path = "NSLayoutConstraint+MASDebugAdditions.h"; sourceTree = "<group>"; };
		13FC584B1A4C42C9009835A6 /* NSLayoutConstraint+MASDebugAdditions.m */ = {isa = PBXFileReference; fileEncoding = 4; lastKnownFileType = sourcecode.c.objc; path = "NSLayoutConstraint+MASDebugAdditions.m"; sourceTree = "<group>"; };
		13FC584C1A4C42C9009835A6 /* View+MASAdditions.h */ = {isa = PBXFileReference; fileEncoding = 4; lastKnownFileType = sourcecode.c.h; path = "View+MASAdditions.h"; sourceTree = "<group>"; };
		13FC584D1A4C42C9009835A6 /* View+MASAdditions.m */ = {isa = PBXFileReference; fileEncoding = 4; lastKnownFileType = sourcecode.c.objc; path = "View+MASAdditions.m"; sourceTree = "<group>"; };
		13FC584E1A4C42C9009835A6 /* View+MASShorthandAdditions.h */ = {isa = PBXFileReference; fileEncoding = 4; lastKnownFileType = sourcecode.c.h; path = "View+MASShorthandAdditions.h"; sourceTree = "<group>"; };
		180845491A1E36CD00F1346C /* buttonDemo.app */ = {isa = PBXFileReference; explicitFileType = wrapper.application; includeInIndex = 0; path = buttonDemo.app; sourceTree = BUILT_PRODUCTS_DIR; };
		1808454C1A1E36CD00F1346C /* Foundation.framework */ = {isa = PBXFileReference; lastKnownFileType = wrapper.framework; name = Foundation.framework; path = System/Library/Frameworks/Foundation.framework; sourceTree = SDKROOT; };
		1808454E1A1E36CD00F1346C /* CoreGraphics.framework */ = {isa = PBXFileReference; lastKnownFileType = wrapper.framework; name = CoreGraphics.framework; path = System/Library/Frameworks/CoreGraphics.framework; sourceTree = SDKROOT; };
		180845501A1E36CD00F1346C /* UIKit.framework */ = {isa = PBXFileReference; lastKnownFileType = wrapper.framework; name = UIKit.framework; path = System/Library/Frameworks/UIKit.framework; sourceTree = SDKROOT; };
		180845541A1E36CD00F1346C /* buttonDemo-Info.plist */ = {isa = PBXFileReference; lastKnownFileType = text.plist.xml; path = "buttonDemo-Info.plist"; sourceTree = "<group>"; };
		180845561A1E36CD00F1346C /* en */ = {isa = PBXFileReference; lastKnownFileType = text.plist.strings; name = en; path = en.lproj/InfoPlist.strings; sourceTree = "<group>"; };
		180845581A1E36CD00F1346C /* main.m */ = {isa = PBXFileReference; lastKnownFileType = sourcecode.c.objc; path = main.m; sourceTree = "<group>"; };
		1808455A1A1E36CD00F1346C /* buttonDemo-Prefix.pch */ = {isa = PBXFileReference; lastKnownFileType = sourcecode.c.h; path = "buttonDemo-Prefix.pch"; sourceTree = "<group>"; };
		1808455B1A1E36CD00F1346C /* AppDelegate.h */ = {isa = PBXFileReference; lastKnownFileType = sourcecode.c.h; path = AppDelegate.h; sourceTree = "<group>"; };
		1808455C1A1E36CD00F1346C /* AppDelegate.m */ = {isa = PBXFileReference; lastKnownFileType = sourcecode.c.objc; path = AppDelegate.m; sourceTree = "<group>"; };
		1808455F1A1E36CD00F1346C /* Base */ = {isa = PBXFileReference; lastKnownFileType = file.storyboard; name = Base; path = Base.lproj/Main.storyboard; sourceTree = "<group>"; };
		180845611A1E36CD00F1346C /* ViewController.h */ = {isa = PBXFileReference; lastKnownFileType = sourcecode.c.h; path = ViewController.h; sourceTree = "<group>"; };
		180845621A1E36CD00F1346C /* ViewController.m */ = {isa = PBXFileReference; lastKnownFileType = sourcecode.c.objc; path = ViewController.m; sourceTree = "<group>"; };
		180845641A1E36CD00F1346C /* Images.xcassets */ = {isa = PBXFileReference; lastKnownFileType = folder.assetcatalog; path = Images.xcassets; sourceTree = "<group>"; };
		1808456A1A1E36CD00F1346C /* buttonDemoTests.xctest */ = {isa = PBXFileReference; explicitFileType = wrapper.cfbundle; includeInIndex = 0; path = buttonDemoTests.xctest; sourceTree = BUILT_PRODUCTS_DIR; };
		1808456B1A1E36CD00F1346C /* XCTest.framework */ = {isa = PBXFileReference; lastKnownFileType = wrapper.framework; name = XCTest.framework; path = Library/Frameworks/XCTest.framework; sourceTree = DEVELOPER_DIR; };
		180845731A1E36CD00F1346C /* buttonDemoTests-Info.plist */ = {isa = PBXFileReference; lastKnownFileType = text.plist.xml; path = "buttonDemoTests-Info.plist"; sourceTree = "<group>"; };
		180845751A1E36CD00F1346C /* en */ = {isa = PBXFileReference; lastKnownFileType = text.plist.strings; name = en; path = en.lproj/InfoPlist.strings; sourceTree = "<group>"; };
		180845771A1E36CD00F1346C /* buttonDemoTests.m */ = {isa = PBXFileReference; lastKnownFileType = sourcecode.c.objc; path = buttonDemoTests.m; sourceTree = "<group>"; };
		184C7EE61A24BB9200099C43 /* UIButton+frame.h */ = {isa = PBXFileReference; fileEncoding = 4; lastKnownFileType = sourcecode.c.h; path = "UIButton+frame.h"; sourceTree = "<group>"; };
		184C7EE71A24BB9200099C43 /* UIButton+frame.m */ = {isa = PBXFileReference; fileEncoding = 4; lastKnownFileType = sourcecode.c.objc; path = "UIButton+frame.m"; sourceTree = "<group>"; };
/* End PBXFileReference section */

/* Begin PBXFrameworksBuildPhase section */
		180845461A1E36CD00F1346C /* Frameworks */ = {
			isa = PBXFrameworksBuildPhase;
			buildActionMask = 2147483647;
			files = (
				1808454F1A1E36CD00F1346C /* CoreGraphics.framework in Frameworks */,
				180845511A1E36CD00F1346C /* UIKit.framework in Frameworks */,
				1808454D1A1E36CD00F1346C /* Foundation.framework in Frameworks */,
			);
			runOnlyForDeploymentPostprocessing = 0;
		};
		180845671A1E36CD00F1346C /* Frameworks */ = {
			isa = PBXFrameworksBuildPhase;
			buildActionMask = 2147483647;
			files = (
				1808456C1A1E36CD00F1346C /* XCTest.framework in Frameworks */,
				1808456E1A1E36CD00F1346C /* UIKit.framework in Frameworks */,
				1808456D1A1E36CD00F1346C /* Foundation.framework in Frameworks */,
			);
			runOnlyForDeploymentPostprocessing = 0;
		};
/* End PBXFrameworksBuildPhase section */

/* Begin PBXGroup section */
		13FC58361A4C42C9009835A6 /* Venders */ = {
			isa = PBXGroup;
			children = (
				13FC58371A4C42C9009835A6 /* Masonry */,
			);
			path = Venders;
			sourceTree = "<group>";
		};
		13FC58371A4C42C9009835A6 /* Masonry */ = {
			isa = PBXGroup;
			children = (
				13FC58381A4C42C9009835A6 /* MASCompositeConstraint.h */,
				13FC58391A4C42C9009835A6 /* MASCompositeConstraint.m */,
				13FC583A1A4C42C9009835A6 /* MASConstraint+Private.h */,
				13FC583B1A4C42C9009835A6 /* MASConstraint.h */,
				13FC583C1A4C42C9009835A6 /* MASConstraint.m */,
				13FC583D1A4C42C9009835A6 /* MASConstraintMaker.h */,
				13FC583E1A4C42C9009835A6 /* MASConstraintMaker.m */,
				13FC583F1A4C42C9009835A6 /* MASLayoutConstraint.h */,
				13FC58401A4C42C9009835A6 /* MASLayoutConstraint.m */,
				13FC58411A4C42C9009835A6 /* Masonry.h */,
				13FC58421A4C42C9009835A6 /* MASUtilities.h */,
				13FC58431A4C42C9009835A6 /* MASViewAttribute.h */,
				13FC58441A4C42C9009835A6 /* MASViewAttribute.m */,
				13FC58451A4C42C9009835A6 /* MASViewConstraint.h */,
				13FC58461A4C42C9009835A6 /* MASViewConstraint.m */,
				13FC58471A4C42C9009835A6 /* NSArray+MASAdditions.h */,
				13FC58481A4C42C9009835A6 /* NSArray+MASAdditions.m */,
				13FC58491A4C42C9009835A6 /* NSArray+MASShorthandAdditions.h */,
				13FC584A1A4C42C9009835A6 /* NSLayoutConstraint+MASDebugAdditions.h */,
				13FC584B1A4C42C9009835A6 /* NSLayoutConstraint+MASDebugAdditions.m */,
				13FC584C1A4C42C9009835A6 /* View+MASAdditions.h */,
				13FC584D1A4C42C9009835A6 /* View+MASAdditions.m */,
				13FC584E1A4C42C9009835A6 /* View+MASShorthandAdditions.h */,
			);
			path = Masonry;
			sourceTree = "<group>";
		};
		180845401A1E36CD00F1346C = {
			isa = PBXGroup;
			children = (
				180845521A1E36CD00F1346C /* buttonDemo */,
				180845711A1E36CD00F1346C /* buttonDemoTests */,
				1808454B1A1E36CD00F1346C /* Frameworks */,
				1808454A1A1E36CD00F1346C /* Products */,
			);
			sourceTree = "<group>";
		};
		1808454A1A1E36CD00F1346C /* Products */ = {
			isa = PBXGroup;
			children = (
				180845491A1E36CD00F1346C /* buttonDemo.app */,
				1808456A1A1E36CD00F1346C /* buttonDemoTests.xctest */,
			);
			name = Products;
			sourceTree = "<group>";
		};
		1808454B1A1E36CD00F1346C /* Frameworks */ = {
			isa = PBXGroup;
			children = (
				1808454C1A1E36CD00F1346C /* Foundation.framework */,
				1808454E1A1E36CD00F1346C /* CoreGraphics.framework */,
				180845501A1E36CD00F1346C /* UIKit.framework */,
				1808456B1A1E36CD00F1346C /* XCTest.framework */,
			);
			name = Frameworks;
			sourceTree = "<group>";
		};
		180845521A1E36CD00F1346C /* buttonDemo */ = {
			isa = PBXGroup;
			children = (
				13FC58361A4C42C9009835A6 /* Venders */,
				1808455B1A1E36CD00F1346C /* AppDelegate.h */,
				1808455C1A1E36CD00F1346C /* AppDelegate.m */,
				1808455E1A1E36CD00F1346C /* Main.storyboard */,
				180845611A1E36CD00F1346C /* ViewController.h */,
				180845621A1E36CD00F1346C /* ViewController.m */,
				180845641A1E36CD00F1346C /* Images.xcassets */,
				180845531A1E36CD00F1346C /* Supporting Files */,
				184C7EE61A24BB9200099C43 /* UIButton+frame.h */,
				184C7EE71A24BB9200099C43 /* UIButton+frame.m */,
			);
			path = buttonDemo;
			sourceTree = "<group>";
		};
		180845531A1E36CD00F1346C /* Supporting Files */ = {
			isa = PBXGroup;
			children = (
				180845541A1E36CD00F1346C /* buttonDemo-Info.plist */,
				180845551A1E36CD00F1346C /* InfoPlist.strings */,
				180845581A1E36CD00F1346C /* main.m */,
				1808455A1A1E36CD00F1346C /* buttonDemo-Prefix.pch */,
			);
			name = "Supporting Files";
			sourceTree = "<group>";
		};
		180845711A1E36CD00F1346C /* buttonDemoTests */ = {
			isa = PBXGroup;
			children = (
				180845771A1E36CD00F1346C /* buttonDemoTests.m */,
				180845721A1E36CD00F1346C /* Supporting Files */,
			);
			path = buttonDemoTests;
			sourceTree = "<group>";
		};
		180845721A1E36CD00F1346C /* Supporting Files */ = {
			isa = PBXGroup;
			children = (
				180845731A1E36CD00F1346C /* buttonDemoTests-Info.plist */,
				180845741A1E36CD00F1346C /* InfoPlist.strings */,
			);
			name = "Supporting Files";
			sourceTree = "<group>";
		};
/* End PBXGroup section */

/* Begin PBXNativeTarget section */
		180845481A1E36CD00F1346C /* buttonDemo */ = {
			isa = PBXNativeTarget;
			buildConfigurationList = 1808457B1A1E36CD00F1346C /* Build configuration list for PBXNativeTarget "buttonDemo" */;
			buildPhases = (
				180845451A1E36CD00F1346C /* Sources */,
				180845461A1E36CD00F1346C /* Frameworks */,
				180845471A1E36CD00F1346C /* Resources */,
			);
			buildRules = (
			);
			dependencies = (
			);
			name = buttonDemo;
			productName = buttonDemo;
			productReference = 180845491A1E36CD00F1346C /* buttonDemo.app */;
			productType = "com.apple.product-type.application";
		};
		180845691A1E36CD00F1346C /* buttonDemoTests */ = {
			isa = PBXNativeTarget;
			buildConfigurationList = 1808457E1A1E36CD00F1346C /* Build configuration list for PBXNativeTarget "buttonDemoTests" */;
			buildPhases = (
				180845661A1E36CD00F1346C /* Sources */,
				180845671A1E36CD00F1346C /* Frameworks */,
				180845681A1E36CD00F1346C /* Resources */,
			);
			buildRules = (
			);
			dependencies = (
				180845701A1E36CD00F1346C /* PBXTargetDependency */,
			);
			name = buttonDemoTests;
			productName = buttonDemoTests;
			productReference = 1808456A1A1E36CD00F1346C /* buttonDemoTests.xctest */;
			productType = "com.apple.product-type.bundle.unit-test";
		};
/* End PBXNativeTarget section */

/* Begin PBXProject section */
		180845411A1E36CD00F1346C /* Project object */ = {
			isa = PBXProject;
			attributes = {
				LastUpgradeCheck = 0510;
				ORGANIZATIONNAME = ZQD;
				TargetAttributes = {
					180845691A1E36CD00F1346C = {
						TestTargetID = 180845481A1E36CD00F1346C;
					};
				};
			};
			buildConfigurationList = 180845441A1E36CD00F1346C /* Build configuration list for PBXProject "buttonDemo" */;
			compatibilityVersion = "Xcode 3.2";
			developmentRegion = English;
			hasScannedForEncodings = 0;
			knownRegions = (
				en,
				Base,
			);
			mainGroup = 180845401A1E36CD00F1346C;
			productRefGroup = 1808454A1A1E36CD00F1346C /* Products */;
			projectDirPath = "";
			projectRoot = "";
			targets = (
				180845481A1E36CD00F1346C /* buttonDemo */,
				180845691A1E36CD00F1346C /* buttonDemoTests */,
			);
		};
/* End PBXProject section */

/* Begin PBXResourcesBuildPhase section */
		180845471A1E36CD00F1346C /* Resources */ = {
			isa = PBXResourcesBuildPhase;
			buildActionMask = 2147483647;
			files = (
				180845651A1E36CD00F1346C /* Images.xcassets in Resources */,
				180845571A1E36CD00F1346C /* InfoPlist.strings in Resources */,
				180845601A1E36CD00F1346C /* Main.storyboard in Resources */,
			);
			runOnlyForDeploymentPostprocessing = 0;
		};
		180845681A1E36CD00F1346C /* Resources */ = {
			isa = PBXResourcesBuildPhase;
			buildActionMask = 2147483647;
			files = (
				180845761A1E36CD00F1346C /* InfoPlist.strings in Resources */,
			);
			runOnlyForDeploymentPostprocessing = 0;
		};
/* End PBXResourcesBuildPhase section */

/* Begin PBXSourcesBuildPhase section */
		180845451A1E36CD00F1346C /* Sources */ = {
			isa = PBXSourcesBuildPhase;
			buildActionMask = 2147483647;
			files = (
				13FC58511A4C42C9009835A6 /* MASConstraintMaker.m in Sources */,
				180845631A1E36CD00F1346C /* ViewController.m in Sources */,
				1808455D1A1E36CD00F1346C /* AppDelegate.m in Sources */,
				13FC58501A4C42C9009835A6 /* MASConstraint.m in Sources */,
				13FC58521A4C42C9009835A6 /* MASLayoutConstraint.m in Sources */,
				13FC58551A4C42C9009835A6 /* NSArray+MASAdditions.m in Sources */,
				13FC58541A4C42C9009835A6 /* MASViewConstraint.m in Sources */,
				13FC58531A4C42C9009835A6 /* MASViewAttribute.m in Sources */,
				13FC58571A4C42C9009835A6 /* View+MASAdditions.m in Sources */,
				184C7EE81A24BB9200099C43 /* UIButton+frame.m in Sources */,
				180845591A1E36CD00F1346C /* main.m in Sources */,
				13FC584F1A4C42C9009835A6 /* MASCompositeConstraint.m in Sources */,
				13FC58561A4C42C9009835A6 /* NSLayoutConstraint+MASDebugAdditions.m in Sources */,
			);
			runOnlyForDeploymentPostprocessing = 0;
		};
		180845661A1E36CD00F1346C /* Sources */ = {
			isa = PBXSourcesBuildPhase;
			buildActionMask = 2147483647;
			files = (
				180845781A1E36CD00F1346C /* buttonDemoTests.m in Sources */,
			);
			runOnlyForDeploymentPostprocessing = 0;
		};
/* End PBXSourcesBuildPhase section */

/* Begin PBXTargetDependency section */
		180845701A1E36CD00F1346C /* PBXTargetDependency */ = {
			isa = PBXTargetDependency;
			target = 180845481A1E36CD00F1346C /* buttonDemo */;
			targetProxy = 1808456F1A1E36CD00F1346C /* PBXContainerItemProxy */;
		};
/* End PBXTargetDependency section */

/* Begin PBXVariantGroup section */
		180845551A1E36CD00F1346C /* InfoPlist.strings */ = {
			isa = PBXVariantGroup;
			children = (
				180845561A1E36CD00F1346C /* en */,
			);
			name = InfoPlist.strings;
			sourceTree = "<group>";
		};
		1808455E1A1E36CD00F1346C /* Main.storyboard */ = {
			isa = PBXVariantGroup;
			children = (
				1808455F1A1E36CD00F1346C /* Base */,
			);
			name = Main.storyboard;
			sourceTree = "<group>";
		};
		180845741A1E36CD00F1346C /* InfoPlist.strings */ = {
			isa = PBXVariantGroup;
			children = (
				180845751A1E36CD00F1346C /* en */,
			);
			name = InfoPlist.strings;
			sourceTree = "<group>";
		};
/* End PBXVariantGroup section */

/* Begin XCBuildConfiguration section */
		180845791A1E36CD00F1346C /* Debug */ = {
			isa = XCBuildConfiguration;
			buildSettings = {
				ALWAYS_SEARCH_USER_PATHS = NO;
				CLANG_CXX_LANGUAGE_STANDARD = "gnu++0x";
				CLANG_CXX_LIBRARY = "libc++";
				CLANG_ENABLE_MODULES = YES;
				CLANG_ENABLE_OBJC_ARC = YES;
				CLANG_WARN_BOOL_CONVERSION = YES;
				CLANG_WARN_CONSTANT_CONVERSION = YES;
				CLANG_WARN_DIRECT_OBJC_ISA_USAGE = YES_ERROR;
				CLANG_WARN_EMPTY_BODY = YES;
				CLANG_WARN_ENUM_CONVERSION = YES;
				CLANG_WARN_INT_CONVERSION = YES;
				CLANG_WARN_OBJC_ROOT_CLASS = YES_ERROR;
				CLANG_WARN__DUPLICATE_METHOD_MATCH = YES;
				"CODE_SIGN_IDENTITY[sdk=iphoneos*]" = "iPhone Developer";
				COPY_PHASE_STRIP = NO;
				GCC_C_LANGUAGE_STANDARD = gnu99;
				GCC_DYNAMIC_NO_PIC = NO;
				GCC_OPTIMIZATION_LEVEL = 0;
				GCC_PREPROCESSOR_DEFINITIONS = (
					"DEBUG=1",
					"$(inherited)",
				);
				GCC_SYMBOLS_PRIVATE_EXTERN = NO;
				GCC_WARN_64_TO_32_BIT_CONVERSION = YES;
				GCC_WARN_ABOUT_RETURN_TYPE = YES_ERROR;
				GCC_WARN_UNDECLARED_SELECTOR = YES;
				GCC_WARN_UNINITIALIZED_AUTOS = YES_AGGRESSIVE;
				GCC_WARN_UNUSED_FUNCTION = YES;
				GCC_WARN_UNUSED_VARIABLE = YES;
				IPHONEOS_DEPLOYMENT_TARGET = 7.1;
				ONLY_ACTIVE_ARCH = YES;
				SDKROOT = iphoneos;
			};
			name = Debug;
		};
		1808457A1A1E36CD00F1346C /* Release */ = {
			isa = XCBuildConfiguration;
			buildSettings = {
				ALWAYS_SEARCH_USER_PATHS = NO;
				CLANG_CXX_LANGUAGE_STANDARD = "gnu++0x";
				CLANG_CXX_LIBRARY = "libc++";
				CLANG_ENABLE_MODULES = YES;
				CLANG_ENABLE_OBJC_ARC = YES;
				CLANG_WARN_BOOL_CONVERSION = YES;
				CLANG_WARN_CONSTANT_CONVERSION = YES;
				CLANG_WARN_DIRECT_OBJC_ISA_USAGE = YES_ERROR;
				CLANG_WARN_EMPTY_BODY = YES;
				CLANG_WARN_ENUM_CONVERSION = YES;
				CLANG_WARN_INT_CONVERSION = YES;
				CLANG_WARN_OBJC_ROOT_CLASS = YES_ERROR;
				CLANG_WARN__DUPLICATE_METHOD_MATCH = YES;
				"CODE_SIGN_IDENTITY[sdk=iphoneos*]" = "iPhone Developer";
				COPY_PHASE_STRIP = YES;
				ENABLE_NS_ASSERTIONS = NO;
				GCC_C_LANGUAGE_STANDARD = gnu99;
				GCC_WARN_64_TO_32_BIT_CONVERSION = YES;
				GCC_WARN_ABOUT_RETURN_TYPE = YES_ERROR;
				GCC_WARN_UNDECLARED_SELECTOR = YES;
				GCC_WARN_UNINITIALIZED_AUTOS = YES_AGGRESSIVE;
				GCC_WARN_UNUSED_FUNCTION = YES;
				GCC_WARN_UNUSED_VARIABLE = YES;
				IPHONEOS_DEPLOYMENT_TARGET = 7.1;
				SDKROOT = iphoneos;
				VALIDATE_PRODUCT = YES;
			};
			name = Release;
		};
		1808457C1A1E36CD00F1346C /* Debug */ = {
			isa = XCBuildConfiguration;
			buildSettings = {
				ASSETCATALOG_COMPILER_APPICON_NAME = AppIcon;
				ASSETCATALOG_COMPILER_LAUNCHIMAGE_NAME = LaunchImage;
				GCC_PRECOMPILE_PREFIX_HEADER = YES;
				GCC_PREFIX_HEADER = "buttonDemo/buttonDemo-Prefix.pch";
				INFOPLIST_FILE = "buttonDemo/buttonDemo-Info.plist";
				PRODUCT_NAME = "$(TARGET_NAME)";
				WRAPPER_EXTENSION = app;
			};
			name = Debug;
		};
		1808457D1A1E36CD00F1346C /* Release */ = {
			isa = XCBuildConfiguration;
			buildSettings = {
				ASSETCATALOG_COMPILER_APPICON_NAME = AppIcon;
				ASSETCATALOG_COMPILER_LAUNCHIMAGE_NAME = LaunchImage;
				GCC_PRECOMPILE_PREFIX_HEADER = YES;
				GCC_PREFIX_HEADER = "buttonDemo/buttonDemo-Prefix.pch";
				INFOPLIST_FILE = "buttonDemo/buttonDemo-Info.plist";
				PRODUCT_NAME = "$(TARGET_NAME)";
				WRAPPER_EXTENSION = app;
			};
			name = Release;
		};
		1808457F1A1E36CD00F1346C /* Debug */ = {
			isa = XCBuildConfiguration;
			buildSettings = {
				BUNDLE_LOADER = "$(BUILT_PRODUCTS_DIR)/buttonDemo.app/buttonDemo";
				FRAMEWORK_SEARCH_PATHS = (
					"$(SDKROOT)/Developer/Library/Frameworks",
					"$(inherited)",
					"$(DEVELOPER_FRAMEWORKS_DIR)",
				);
				GCC_PRECOMPILE_PREFIX_HEADER = YES;
				GCC_PREFIX_HEADER = "buttonDemo/buttonDemo-Prefix.pch";
				GCC_PREPROCESSOR_DEFINITIONS = (
					"DEBUG=1",
					"$(inherited)",
				);
				INFOPLIST_FILE = "buttonDemoTests/buttonDemoTests-Info.plist";
				PRODUCT_NAME = "$(TARGET_NAME)";
				TEST_HOST = "$(BUNDLE_LOADER)";
				WRAPPER_EXTENSION = xctest;
			};
			name = Debug;
		};
		180845801A1E36CD00F1346C /* Release */ = {
			isa = XCBuildConfiguration;
			buildSettings = {
				BUNDLE_LOADER = "$(BUILT_PRODUCTS_DIR)/buttonDemo.app/buttonDemo";
				FRAMEWORK_SEARCH_PATHS = (
					"$(SDKROOT)/Developer/Library/Frameworks",
					"$(inherited)",
					"$(DEVELOPER_FRAMEWORKS_DIR)",
				);
				GCC_PRECOMPILE_PREFIX_HEADER = YES;
				GCC_PREFIX_HEADER = "buttonDemo/buttonDemo-Prefix.pch";
				INFOPLIST_FILE = "buttonDemoTests/buttonDemoTests-Info.plist";
				PRODUCT_NAME = "$(TARGET_NAME)";
				TEST_HOST = "$(BUNDLE_LOADER)";
				WRAPPER_EXTENSION = xctest;
			};
			name = Release;
		};
/* End XCBuildConfiguration section */

/* Begin XCConfigurationList section */
		180845441A1E36CD00F1346C /* Build configuration list for PBXProject "buttonDemo" */ = {
			isa = XCConfigurationList;
			buildConfigurations = (
				180845791A1E36CD00F1346C /* Debug */,
				1808457A1A1E36CD00F1346C /* Release */,
			);
			defaultConfigurationIsVisible = 0;
			defaultConfigurationName = Release;
		};
		1808457B1A1E36CD00F1346C /* Build configuration list for PBXNativeTarget "buttonDemo" */ = {
			isa = XCConfigurationList;
			buildConfigurations = (
				1808457C1A1E36CD00F1346C /* Debug */,
				1808457D1A1E36CD00F1346C /* Release */,
			);
			defaultConfigurationIsVisible = 0;
			defaultConfigurationName = Release;
		};
		1808457E1A1E36CD00F1346C /* Build configuration list for PBXNativeTarget "buttonDemoTests" */ = {
			isa = XCConfigurationList;
			buildConfigurations = (
				1808457F1A1E36CD00F1346C /* Debug */,
				180845801A1E36CD00F1346C /* Release */,
			);
			defaultConfigurationIsVisible = 0;
			defaultConfigurationName = Release;
		};
/* End XCConfigurationList section */
	};
	rootObject = 180845411A1E36CD00F1346C /* Project object */;
}
